
Microsoft Visual Studio Solution File, Format Version 12.00
# Visual Studio 15
VisualStudioVersion = 15.0.27130.2027
MinimumVisualStudioVersion = 10.0.40219.1
Project("{FAE04EC0-301F-11D3-BF4B-00C04F79EFBC}") = "IzendaEmbedded", "IzendaEmbedded\IzendaEmbedded.csproj", "{51F83CB6-167B-4789-8BE2-63970FFB9D44}"
EndProject
Project("{FAE04EC0-301F-11D3-BF4B-00C04F79EFBC}") = "Wencor.DataAccess", "Wencor.DataAccess\Wencor.DataAccess.csproj", "{2716CAE4-AC5F-48E6-8572-21BFF57B6BB9}"
EndProject
Global
	GlobalSection(SolutionConfigurationPlatforms) = preSolution
		Debug|Any CPU = Debug|Any CPU
		Dev|Any CPU = Dev|Any CPU
		Production|Any CPU = Production|Any CPU
		Release|Any CPU = Release|Any CPU
		Staging|Any CPU = Staging|Any CPU
	EndGlobalSection
	GlobalSection(ProjectConfigurationPlatforms) = postSolution
		{51F83CB6-167B-4789-8BE2-63970FFB9D44}.Debug|Any CPU.ActiveCfg = Debug|Any CPU
		{51F83CB6-167B-4789-8BE2-63970FFB9D44}.Debug|Any CPU.Build.0 = Debug|Any CPU
		{51F83CB6-167B-4789-8BE2-63970FFB9D44}.Dev|Any CPU.ActiveCfg = Dev|Any CPU
		{51F83CB6-167B-4789-8BE2-63970FFB9D44}.Dev|Any CPU.Build.0 = Dev|Any CPU
		{51F83CB6-167B-4789-8BE2-63970FFB9D44}.Production|Any CPU.ActiveCfg = Production|Any CPU
		{51F83CB6-167B-4789-8BE2-63970FFB9D44}.Production|Any CPU.Build.0 = Production|Any CPU
		{51F83CB6-167B-4789-8BE2-63970FFB9D44}.Release|Any CPU.ActiveCfg = Release|Any CPU
		{51F83CB6-167B-4789-8BE2-63970FFB9D44}.Release|Any CPU.Build.0 = Release|Any CPU
		{51F83CB6-167B-4789-8BE2-63970FFB9D44}.Staging|Any CPU.ActiveCfg = Staging|Any CPU
		{51F83CB6-167B-4789-8BE2-63970FFB9D44}.Staging|Any CPU.Build.0 = Staging|Any CPU
		{2716CAE4-AC5F-48E6-8572-21BFF57B6BB9}.Debug|Any CPU.ActiveCfg = Debug|Any CPU
		{2716CAE4-AC5F-48E6-8572-21BFF57B6BB9}.Debug|Any CPU.Build.0 = Debug|Any CPU
		{2716CAE4-AC5F-48E6-8572-21BFF57B6BB9}.Dev|Any CPU.ActiveCfg = Dev|Any CPU
		{2716CAE4-AC5F-48E6-8572-21BFF57B6BB9}.Dev|Any CPU.Build.0 = Dev|Any CPU
		{2716CAE4-AC5F-48E6-8572-21BFF57B6BB9}.Production|Any CPU.ActiveCfg = Production|Any CPU
		{2716CAE4-AC5F-48E6-8572-21BFF57B6BB9}.Production|Any CPU.Build.0 = Production|Any CPU
		{2716CAE4-AC5F-48E6-8572-21BFF57B6BB9}.Release|Any CPU.ActiveCfg = Release|Any CPU
		{2716CAE4-AC5F-48E6-8572-21BFF57B6BB9}.Release|Any CPU.Build.0 = Release|Any CPU
		{2716CAE4-AC5F-48E6-8572-21BFF57B6BB9}.Staging|Any CPU.ActiveCfg = Staging|Any CPU
		{2716CAE4-AC5F-48E6-8572-21BFF57B6BB9}.Staging|Any CPU.Build.0 = Staging|Any CPU
	EndGlobalSection
	GlobalSection(SolutionProperties) = preSolution
		HideSolutionNode = FALSE
	EndGlobalSection
	GlobalSection(ExtensibilityGlobals) = postSolution
		SolutionGuid = {8FAA5441-AC74-41F4-8E53-882FF483892F}
	EndGlobalSection
EndGlobal
